
Microsoft Visual Studio Solution File, Format Version 12.00
# Visual Studio Version 17
VisualStudioVersion = 17.2.32630.192
MinimumVisualStudioVersion = 10.0.40219.1
Project("{FAE04EC0-301F-11D3-BF4B-00C04F79EFBC}") = "FaturaTeste", "FaturaTeste.csproj", "{09430411-EF92-41BC-AE48-1F668C4EEAAA}"
EndProject
Global
	GlobalSection(SolutionConfigurationPlatforms) = preSolution
		Debug|Any CPU = Debug|Any CPU
		Release|Any CPU = Release|Any CPU
	EndGlobalSection
	GlobalSection(ProjectConfigurationPlatforms) = postSolution
		{09430411-EF92-41BC-AE48-1F668C4EEAAA}.Debug|Any CPU.ActiveCfg = Debug|Any CPU
		{09430411-EF92-41BC-AE48-1F668C4EEAAA}.Debug|Any CPU.Build.0 = Debug|Any CPU
		{09430411-EF92-41BC-AE48-1F668C4EEAAA}.Release|Any CPU.ActiveCfg = Release|Any CPU
		{09430411-EF92-41BC-AE48-1F668C4EEAAA}.Release|Any CPU.Build.0 = Release|Any CPU
	EndGlobalSection
	GlobalSection(SolutionProperties) = preSolution
		HideSolutionNode = FALSE
	EndGlobalSection
	GlobalSection(ExtensibilityGlobals) = postSolution
		SolutionGuid = {276BD5D3-CCDC-44B7-940D-311F392979D7}
	EndGlobalSection
EndGlobal
